// !$*UTF8*$!
{
	archiveVersion = 1;
	classes = {
	};
	objectVersion = 56;
	objects = {

/* Begin PBXBuildFile section */
		216757BB3AE42739B28F1699 /* Pods_PushNotifications.framework in Frameworks */ = {isa = PBXBuildFile; fileRef = 9F54022F00B58F9AED4ABD0F /* Pods_PushNotifications.framework */; };
		6B77BD1929FFF78300A78332 /* AppDelegate.swift in Sources */ = {isa = PBXBuildFile; fileRef = 6B77BD1829FFF78300A78332 /* AppDelegate.swift */; };
		6B77BD1B29FFF78300A78332 /* SceneDelegate.swift in Sources */ = {isa = PBXBuildFile; fileRef = 6B77BD1A29FFF78300A78332 /* SceneDelegate.swift */; };
		6B77BD1D29FFF78300A78332 /* ViewController.swift in Sources */ = {isa = PBXBuildFile; fileRef = 6B77BD1C29FFF78300A78332 /* ViewController.swift */; };
		6B77BD2029FFF78300A78332 /* Main.storyboard in Resources */ = {isa = PBXBuildFile; fileRef = 6B77BD1E29FFF78300A78332 /* Main.storyboard */; };
		6B77BD2229FFF78400A78332 /* Assets.xcassets in Resources */ = {isa = PBXBuildFile; fileRef = 6B77BD2129FFF78400A78332 /* Assets.xcassets */; };
		6B77BD2529FFF78400A78332 /* LaunchScreen.storyboard in Resources */ = {isa = PBXBuildFile; fileRef = 6B77BD2329FFF78400A78332 /* LaunchScreen.storyboard */; };
/* End PBXBuildFile section */

/* Begin PBXFileReference section */
		4685B065AF844AD02DE484A6 /* Pods-PushNotifications.debug.xcconfig */ = {isa = PBXFileReference; includeInIndex = 1; lastKnownFileType = text.xcconfig; name = "Pods-PushNotifications.debug.xcconfig"; path = "Target Support Files/Pods-PushNotifications/Pods-PushNotifications.debug.xcconfig"; sourceTree = "<group>"; };
		6B77BD1529FFF78300A78332 /* PushNotifications.app */ = {isa = PBXFileReference; explicitFileType = wrapper.application; includeInIndex = 0; path = PushNotifications.app; sourceTree = BUILT_PRODUCTS_DIR; };
		6B77BD1829FFF78300A78332 /* AppDelegate.swift */ = {isa = PBXFileReference; lastKnownFileType = sourcecode.swift; path = AppDelegate.swift; sourceTree = "<group>"; };
		6B77BD1A29FFF78300A78332 /* SceneDelegate.swift */ = {isa = PBXFileReference; lastKnownFileType = sourcecode.swift; path = SceneDelegate.swift; sourceTree = "<group>"; };
		6B77BD1C29FFF78300A78332 /* ViewController.swift */ = {isa = PBXFileReference; lastKnownFileType = sourcecode.swift; path = ViewController.swift; sourceTree = "<group>"; };
		6B77BD1F29FFF78300A78332 /* Base */ = {isa = PBXFileReference; lastKnownFileType = file.storyboard; name = Base; path = Base.lproj/Main.storyboard; sourceTree = "<group>"; };
		6B77BD2129FFF78400A78332 /* Assets.xcassets */ = {isa = PBXFileReference; lastKnownFileType = folder.assetcatalog; path = Assets.xcassets; sourceTree = "<group>"; };
		6B77BD2429FFF78400A78332 /* Base */ = {isa = PBXFileReference; lastKnownFileType = file.storyboard; name = Base; path = Base.lproj/LaunchScreen.storyboard; sourceTree = "<group>"; };
		6B77BD2629FFF78400A78332 /* Info.plist */ = {isa = PBXFileReference; lastKnownFileType = text.plist.xml; path = Info.plist; sourceTree = "<group>"; };
		9F54022F00B58F9AED4ABD0F /* Pods_PushNotifications.framework */ = {isa = PBXFileReference; explicitFileType = wrapper.framework; includeInIndex = 0; path = Pods_PushNotifications.framework; sourceTree = BUILT_PRODUCTS_DIR; };
		EECE77D21DCF90776D9D7BCA /* Pods-PushNotifications.release.xcconfig */ = {isa = PBXFileReference; includeInIndex = 1; lastKnownFileType = text.xcconfig; name = "Pods-PushNotifications.release.xcconfig"; path = "Target Support Files/Pods-PushNotifications/Pods-PushNotifications.release.xcconfig"; sourceTree = "<group>"; };
/* End PBXFileReference section */

/* Begin PBXFrameworksBuildPhase section */
		6B77BD1229FFF78300A78332 /* Frameworks */ = {
			isa = PBXFrameworksBuildPhase;
			buildActionMask = 2147483647;
			files = (
				216757BB3AE42739B28F1699 /* Pods_PushNotifications.framework in Frameworks */,
			);
			runOnlyForDeploymentPostprocessing = 0;
		};
/* End PBXFrameworksBuildPhase section */

/* Begin PBXGroup section */
		5B226C657A6C1003BCC4F0E2 /* Pods */ = {
			isa = PBXGroup;
			children = (
				4685B065AF844AD02DE484A6 /* Pods-PushNotifications.debug.xcconfig */,
				EECE77D21DCF90776D9D7BCA /* Pods-PushNotifications.release.xcconfig */,
			);
			name = Pods;
			path = Pods;
			sourceTree = "<group>";
		};
		6B77BD0C29FFF78300A78332 = {
			isa = PBXGroup;
			children = (
				6B77BD1729FFF78300A78332 /* PushNotifications */,
				6B77BD1629FFF78300A78332 /* Products */,
				5B226C657A6C1003BCC4F0E2 /* Pods */,
				EA4923611E5778870C16890B /* Frameworks */,
			);
			sourceTree = "<group>";
		};
		6B77BD1629FFF78300A78332 /* Products */ = {
			isa = PBXGroup;
			children = (
				6B77BD1529FFF78300A78332 /* PushNotifications.app */,
			);
			name = Products;
			sourceTree = "<group>";
		};
		6B77BD1729FFF78300A78332 /* PushNotifications */ = {
			isa = PBXGroup;
			children = (
				6B77BD1829FFF78300A78332 /* AppDelegate.swift */,
				6B77BD1A29FFF78300A78332 /* SceneDelegate.swift */,
				6B77BD1C29FFF78300A78332 /* ViewController.swift */,
				6B77BD1E29FFF78300A78332 /* Main.storyboard */,
				6B77BD2129FFF78400A78332 /* Assets.xcassets */,
				6B77BD2329FFF78400A78332 /* LaunchScreen.storyboard */,
				6B77BD2629FFF78400A78332 /* Info.plist */,
			);
			path = PushNotifications;
			sourceTree = "<group>";
		};
		EA4923611E5778870C16890B /* Frameworks */ = {
			isa = PBXGroup;
			children = (
				9F54022F00B58F9AED4ABD0F /* Pods_PushNotifications.framework */,
			);
			name = Frameworks;
			sourceTree = "<group>";
		};
/* End PBXGroup section */

/* Begin PBXNativeTarget section */
		6B77BD1429FFF78300A78332 /* PushNotifications */ = {
			isa = PBXNativeTarget;
			buildConfigurationList = 6B77BD2929FFF78400A78332 /* Build configuration list for PBXNativeTarget "PushNotifications" */;
			buildPhases = (
				75C21F70804F39DAB2D45EEB /* [CP] Check Pods Manifest.lock */,
				6B77BD1129FFF78300A78332 /* Sources */,
				6B77BD1229FFF78300A78332 /* Frameworks */,
				6B77BD1329FFF78300A78332 /* Resources */,
				B1AFC2AFE0C786BB9FBCBB51 /* [CP] Embed Pods Frameworks */,
			);
			buildRules = (
			);
			dependencies = (
			);
			name = PushNotifications;
			productName = PushNotifications;
			productReference = 6B77BD1529FFF78300A78332 /* PushNotifications.app */;
			productType = "com.apple.product-type.application";
		};
/* End PBXNativeTarget section */

/* Begin PBXProject section */
		6B77BD0D29FFF78300A78332 /* Project object */ = {
			isa = PBXProject;
			attributes = {
				BuildIndependentTargetsInParallel = 1;
				LastSwiftUpdateCheck = 1430;
				LastUpgradeCheck = 1430;
				TargetAttributes = {
					6B77BD1429FFF78300A78332 = {
						CreatedOnToolsVersion = 14.3;
					};
				};
			};
			buildConfigurationList = 6B77BD1029FFF78300A78332 /* Build configuration list for PBXProject "PushNotifications" */;
			compatibilityVersion = "Xcode 14.0";
			developmentRegion = en;
			hasScannedForEncodings = 0;
			knownRegions = (
				en,
				Base,
			);
			mainGroup = 6B77BD0C29FFF78300A78332;
			productRefGroup = 6B77BD1629FFF78300A78332 /* Products */;
			projectDirPath = "";
			projectRoot = "";
			targets = (
				6B77BD1429FFF78300A78332 /* PushNotifications */,
			);
		};
/* End PBXProject section */

/* Begin PBXResourcesBuildPhase section */
		6B77BD1329FFF78300A78332 /* Resources */ = {
			isa = PBXResourcesBuildPhase;
			buildActionMask = 2147483647;
			files = (
				6B77BD2529FFF78400A78332 /* LaunchScreen.storyboard in Resources */,
				6B77BD2229FFF78400A78332 /* Assets.xcassets in Resources */,
				6B77BD2029FFF78300A78332 /* Main.storyboard in Resources */,
			);
			runOnlyForDeploymentPostprocessing = 0;
		};
/* End PBXResourcesBuildPhase section */

/* Begin PBXShellScriptBuildPhase section */
		75C21F70804F39DAB2D45EEB /* [CP] Check Pods Manifest.lock */ = {
			isa = PBXShellScriptBuildPhase;
			buildActionMask = 2147483647;
			files = (
			);
			inputFileListPaths = (
			);
			inputPaths = (
				"${PODS_PODFILE_DIR_PATH}/Podfile.lock",
				"${PODS_ROOT}/Manifest.lock",
			);
			name = "[CP] Check Pods Manifest.lock";
			outputFileListPaths = (
			);
			outputPaths = (
				"$(DERIVED_FILE_DIR)/Pods-PushNotifications-checkManifestLockResult.txt",
			);
			runOnlyForDeploymentPostprocessing = 0;
			shellPath = /bin/sh;
			shellScript = "diff \"${PODS_PODFILE_DIR_PATH}/Podfile.lock\" \"${PODS_ROOT}/Manifest.lock\" > /dev/null\nif [ $? != 0 ] ; then\n    # print error to STDERR\n    echo \"error: The sandbox is not in sync with the Podfile.lock. Run 'pod install' or update your CocoaPods installation.\" >&2\n    exit 1\nfi\n# This output is used by Xcode 'outputs' to avoid re-running this script phase.\necho \"SUCCESS\" > \"${SCRIPT_OUTPUT_FILE_0}\"\n";
			showEnvVarsInLog = 0;
		};
		B1AFC2AFE0C786BB9FBCBB51 /* [CP] Embed Pods Frameworks */ = {
			isa = PBXShellScriptBuildPhase;
			buildActionMask = 2147483647;
			files = (
			);
			inputFileListPaths = (
				"${PODS_ROOT}/Target Support Files/Pods-PushNotifications/Pods-PushNotifications-frameworks-${CONFIGURATION}-input-files.xcfilelist",
			);
			name = "[CP] Embed Pods Frameworks";
			outputFileListPaths = (
				"${PODS_ROOT}/Target Support Files/Pods-PushNotifications/Pods-PushNotifications-frameworks-${CONFIGURATION}-output-files.xcfilelist",
			);
			runOnlyForDeploymentPostprocessing = 0;
			shellPath = /bin/sh;
			shellScript = "\"${PODS_ROOT}/Target Support Files/Pods-PushNotifications/Pods-PushNotifications-frameworks.sh\"\n";
			showEnvVarsInLog = 0;
		};
/* End PBXShellScriptBuildPhase section */

/* Begin PBXSourcesBuildPhase section */
		6B77BD1129FFF78300A78332 /* Sources */ = {
			isa = PBXSourcesBuildPhase;
			buildActionMask = 2147483647;
			files = (
				6B77BD1D29FFF78300A78332 /* ViewController.swift in Sources */,
				6B77BD1929FFF78300A78332 /* AppDelegate.swift in Sources */,
				6B77BD1B29FFF78300A78332 /* SceneDelegate.swift in Sources */,
			);
			runOnlyForDeploymentPostprocessing = 0;
		};
/* End PBXSourcesBuildPhase section */

/* Begin PBXVariantGroup section */
		6B77BD1E29FFF78300A78332 /* Main.storyboard */ = {
			isa = PBXVariantGroup;
			children = (
				6B77BD1F29FFF78300A78332 /* Base */,
			);
			name = Main.storyboard;
			sourceTree = "<group>";
		};
		6B77BD2329FFF78400A78332 /* LaunchScreen.storyboard */ = {
			isa = PBXVariantGroup;
			children = (
				6B77BD2429FFF78400A78332 /* Base */,
			);
			name = LaunchScreen.storyboard;
			sourceTree = "<group>";
		};
/* End PBXVariantGroup section */

/* Begin XCBuildConfiguration section */
		6B77BD2729FFF78400A78332 /* Debug */ = {
			isa = XCBuildConfiguration;
			buildSettings = {
				ALWAYS_SEARCH_USER_PATHS = NO;
				CLANG_ANALYZER_NONNULL = YES;
				CLANG_ANALYZER_NUMBER_OBJECT_CONVERSION = YES_AGGRESSIVE;
				CLANG_CXX_LANGUAGE_STANDARD = "gnu++20";
				CLANG_ENABLE_MODULES = YES;
				CLANG_ENABLE_OBJC_ARC = YES;
				CLANG_ENABLE_OBJC_WEAK = YES;
				CLANG_WARN_BLOCK_CAPTURE_AUTORELEASING = YES;
				CLANG_WARN_BOOL_CONVERSION = YES;
				CLANG_WARN_COMMA = YES;
				CLANG_WARN_CONSTANT_CONVERSION = YES;
				CLANG_WARN_DEPRECATED_OBJC_IMPLEMENTATIONS = YES;
				CLANG_WARN_DIRECT_OBJC_ISA_USAGE = YES_ERROR;
				CLANG_WARN_DOCUMENTATION_COMMENTS = YES;
				CLANG_WARN_EMPTY_BODY = YES;
				CLANG_WARN_ENUM_CONVERSION = YES;
				CLANG_WARN_INFINITE_RECURSION = YES;
				CLANG_WARN_INT_CONVERSION = YES;
				CLANG_WARN_NON_LITERAL_NULL_CONVERSION = YES;
				CLANG_WARN_OBJC_IMPLICIT_RETAIN_SELF = YES;
				CLANG_WARN_OBJC_LITERAL_CONVERSION = YES;
				CLANG_WARN_OBJC_ROOT_CLASS = YES_ERROR;
				CLANG_WARN_QUOTED_INCLUDE_IN_FRAMEWORK_HEADER = YES;
				CLANG_WARN_RANGE_LOOP_ANALYSIS = YES;
				CLANG_WARN_STRICT_PROTOTYPES = YES;
				CLANG_WARN_SUSPICIOUS_MOVE = YES;
				CLANG_WARN_UNGUARDED_AVAILABILITY = YES_AGGRESSIVE;
				CLANG_WARN_UNREACHABLE_CODE = YES;
				CLANG_WARN__DUPLICATE_METHOD_MATCH = YES;
				COPY_PHASE_STRIP = NO;
				DEBUG_INFORMATION_FORMAT = dwarf;
				ENABLE_STRICT_OBJC_MSGSEND = YES;
				ENABLE_TESTABILITY = YES;
				GCC_C_LANGUAGE_STANDARD = gnu11;
				GCC_DYNAMIC_NO_PIC = NO;
				GCC_NO_COMMON_BLOCKS = YES;
				GCC_OPTIMIZATION_LEVEL = 0;
				GCC_PREPROCESSOR_DEFINITIONS = (
					"DEBUG=1",
					"$(inherited)",
				);
				GCC_WARN_64_TO_32_BIT_CONVERSION = YES;
				GCC_WARN_ABOUT_RETURN_TYPE = YES_ERROR;
				GCC_WARN_UNDECLARED_SELECTOR = YES;
				GCC_WARN_UNINITIALIZED_AUTOS = YES_AGGRESSIVE;
				GCC_WARN_UNUSED_FUNCTION = YES;
				GCC_WARN_UNUSED_VARIABLE = YES;
				IPHONEOS_DEPLOYMENT_TARGET = 16.4;
				MTL_ENABLE_DEBUG_INFO = INCLUDE_SOURCE;
				MTL_FAST_MATH = YES;
				ONLY_ACTIVE_ARCH = YES;
				SDKROOT = iphoneos;
				SWIFT_ACTIVE_COMPILATION_CONDITIONS = DEBUG;
				SWIFT_OPTIMIZATION_LEVEL = "-Onone";
			};
			name = Debug;
		};
		6B77BD2829FFF78400A78332 /* Release */ = {
			isa = XCBuildConfiguration;
			buildSettings = {
				ALWAYS_SEARCH_USER_PATHS = NO;
				CLANG_ANALYZER_NONNULL = YES;
				CLANG_ANALYZER_NUMBER_OBJECT_CONVERSION = YES_AGGRESSIVE;
				CLANG_CXX_LANGUAGE_STANDARD = "gnu++20";
				CLANG_ENABLE_MODULES = YES;
				CLANG_ENABLE_OBJC_ARC = YES;
				CLANG_ENABLE_OBJC_WEAK = YES;
				CLANG_WARN_BLOCK_CAPTURE_AUTORELEASING = YES;
				CLANG_WARN_BOOL_CONVERSION = YES;
				CLANG_WARN_COMMA = YES;
				CLANG_WARN_CONSTANT_CONVERSION = YES;
				CLANG_WARN_DEPRECATED_OBJC_IMPLEMENTATIONS = YES;
				CLANG_WARN_DIRECT_OBJC_ISA_USAGE = YES_ERROR;
				CLANG_WARN_DOCUMENTATION_COMMENTS = YES;
				CLANG_WARN_EMPTY_BODY = YES;
				CLANG_WARN_ENUM_CONVERSION = YES;
				CLANG_WARN_INFINITE_RECURSION = YES;
				CLANG_WARN_INT_CONVERSION = YES;
				CLANG_WARN_NON_LITERAL_NULL_CONVERSION = YES;
				CLANG_WARN_OBJC_IMPLICIT_RETAIN_SELF = YES;
				CLANG_WARN_OBJC_LITERAL_CONVERSION = YES;
				CLANG_WARN_OBJC_ROOT_CLASS = YES_ERROR;
				CLANG_WARN_QUOTED_INCLUDE_IN_FRAMEWORK_HEADER = YES;
				CLANG_WARN_RANGE_LOOP_ANALYSIS = YES;
				CLANG_WARN_STRICT_PROTOTYPES = YES;
				CLANG_WARN_SUSPICIOUS_MOVE = YES;
				CLANG_WARN_UNGUARDED_AVAILABILITY = YES_AGGRESSIVE;
				CLANG_WARN_UNREACHABLE_CODE = YES;
				CLANG_WARN__DUPLICATE_METHOD_MATCH = YES;
				COPY_PHASE_STRIP = NO;
				DEBUG_INFORMATION_FORMAT = "dwarf-with-dsym";
				ENABLE_NS_ASSERTIONS = NO;
				ENABLE_STRICT_OBJC_MSGSEND = YES;
				GCC_C_LANGUAGE_STANDARD = gnu11;
				GCC_NO_COMMON_BLOCKS = YES;
				GCC_WARN_64_TO_32_BIT_CONVERSION = YES;
				GCC_WARN_ABOUT_RETURN_TYPE = YES_ERROR;
				GCC_WARN_UNDECLARED_SELECTOR = YES;
				GCC_WARN_UNINITIALIZED_AUTOS = YES_AGGRESSIVE;
				GCC_WARN_UNUSED_FUNCTION = YES;
				GCC_WARN_UNUSED_VARIABLE = YES;
				IPHONEOS_DEPLOYMENT_TARGET = 16.4;
				MTL_ENABLE_DEBUG_INFO = NO;
				MTL_FAST_MATH = YES;
				SDKROOT = iphoneos;
				SWIFT_COMPILATION_MODE = wholemodule;
				SWIFT_OPTIMIZATION_LEVEL = "-O";
				VALIDATE_PRODUCT = YES;
			};
			name = Release;
		};
		6B77BD2A29FFF78400A78332 /* Debug */ = {
			isa = XCBuildConfiguration;
			baseConfigurationReference = 4685B065AF844AD02DE484A6 /* Pods-PushNotifications.debug.xcconfig */;
			buildSettings = {
				ASSETCATALOG_COMPILER_APPICON_NAME = AppIcon;
				ASSETCATALOG_COMPILER_GLOBAL_ACCENT_COLOR_NAME = AccentColor;
				CODE_SIGN_STYLE = Automatic;
				CURRENT_PROJECT_VERSION = 1;
				DEVELOPMENT_TEAM = 65KV6R2AGS;
				GENERATE_INFOPLIST_FILE = YES;
				INFOPLIST_FILE = PushNotifications/Info.plist;
				INFOPLIST_KEY_UIApplicationSupportsIndirectInputEvents = YES;
				INFOPLIST_KEY_UILaunchStoryboardName = LaunchScreen;
				INFOPLIST_KEY_UIMainStoryboardFile = Main;
				INFOPLIST_KEY_UISupportedInterfaceOrientations_iPad = "UIInterfaceOrientationPortrait UIInterfaceOrientationPortraitUpsideDown UIInterfaceOrientationLandscapeLeft UIInterfaceOrientationLandscapeRight";
				INFOPLIST_KEY_UISupportedInterfaceOrientations_iPhone = "UIInterfaceOrientationPortrait UIInterfaceOrientationLandscapeLeft UIInterfaceOrientationLandscapeRight";
				LD_RUNPATH_SEARCH_PATHS = (
					"$(inherited)",
					"@executable_path/Frameworks",
				);
				MARKETING_VERSION = 1.0;
				PRODUCT_BUNDLE_IDENTIFIER = Yeolmok.PushNotifications;
				PRODUCT_NAME = "$(TARGET_NAME)";
				SWIFT_EMIT_LOC_STRINGS = YES;
				SWIFT_VERSION = 5.0;
				TARGETED_DEVICE_FAMILY = "1,2";
			};
			name = Debug;
		};
		6B77BD2B29FFF78400A78332 /* Release */ = {
			isa = XCBuildConfiguration;
			baseConfigurationReference = EECE77D21DCF90776D9D7BCA /* Pods-PushNotifications.release.xcconfig */;
			buildSettings = {
				ASSETCATALOG_COMPILER_APPICON_NAME = AppIcon;
				ASSETCATALOG_COMPILER_GLOBAL_ACCENT_COLOR_NAME = AccentColor;
				CODE_SIGN_STYLE = Automatic;
				CURRENT_PROJECT_VERSION = 1;
				DEVELOPMENT_TEAM = 65KV6R2AGS;
				GENERATE_INFOPLIST_FILE = YES;
				INFOPLIST_FILE = PushNotifications/Info.plist;
				INFOPLIST_KEY_UIApplicationSupportsIndirectInputEvents = YES;
				INFOPLIST_KEY_UILaunchStoryboardName = LaunchScreen;
				INFOPLIST_KEY_UIMainStoryboardFile = Main;
				INFOPLIST_KEY_UISupportedInterfaceOrientations_iPad = "UIInterfaceOrientationPortrait UIInterfaceOrientationPortraitUpsideDown UIInterfaceOrientationLandscapeLeft UIInterfaceOrientationLandscapeRight";
				INFOPLIST_KEY_UISupportedInterfaceOrientations_iPhone = "UIInterfaceOrientationPortrait UIInterfaceOrientationLandscapeLeft UIInterfaceOrientationLandscapeRight";
				LD_RUNPATH_SEARCH_PATHS = (
					"$(inherited)",
					"@executable_path/Frameworks",
				);
				MARKETING_VERSION = 1.0;
				PRODUCT_BUNDLE_IDENTIFIER = Yeolmok.PushNotifications;
				PRODUCT_NAME = "$(TARGET_NAME)";
				SWIFT_EMIT_LOC_STRINGS = YES;
				SWIFT_VERSION = 5.0;
				TARGETED_DEVICE_FAMILY = "1,2";
			};
			name = Release;
		};
/* End XCBuildConfiguration section */

/* Begin XCConfigurationList section */
		6B77BD1029FFF78300A78332 /* Build configuration list for PBXProject "PushNotifications" */ = {
			isa = XCConfigurationList;
			buildConfigurations = (
				6B77BD2729FFF78400A78332 /* Debug */,
				6B77BD2829FFF78400A78332 /* Release */,
			);
			defaultConfigurationIsVisible = 0;
			defaultConfigurationName = Release;
		};
		6B77BD2929FFF78400A78332 /* Build configuration list for PBXNativeTarget "PushNotifications" */ = {
			isa = XCConfigurationList;
			buildConfigurations = (
				6B77BD2A29FFF78400A78332 /* Debug */,
				6B77BD2B29FFF78400A78332 /* Release */,
			);
			defaultConfigurationIsVisible = 0;
			defaultConfigurationName = Release;
		};
/* End XCConfigurationList section */
	};
	rootObject = 6B77BD0D29FFF78300A78332 /* Project object */;
}
